
Microsoft Visual Studio Solution File, Format Version 12.00
# Visual Studio Version 17
VisualStudioVersion = 17.4.33110.190
MinimumVisualStudioVersion = 10.0.40219.1
Project("{FAE04EC0-301F-11D3-BF4B-00C04F79EFBC}") = "Task1_1", "Task1_1\Task1_1.csproj", "{F98074D1-2ED5-465D-AE27-D358DBEAC3DC}"
EndProject
Project("{FAE04EC0-301F-11D3-BF4B-00C04F79EFBC}") = "Task1_2", "Task1_2\Task1_2.csproj", "{0954B784-5CA4-4011-B324-EFB48312C365}"
EndProject
Global
	GlobalSection(SolutionConfigurationPlatforms) = preSolution
		Debug|Any CPU = Debug|Any CPU
		Release|Any CPU = Release|Any CPU
	EndGlobalSection
	GlobalSection(ProjectConfigurationPlatforms) = postSolution
		{F98074D1-2ED5-465D-AE27-D358DBEAC3DC}.Debug|Any CPU.ActiveCfg = Debug|Any CPU
		{F98074D1-2ED5-465D-AE27-D358DBEAC3DC}.Debug|Any CPU.Build.0 = Debug|Any CPU
		{F98074D1-2ED5-465D-AE27-D358DBEAC3DC}.Release|Any CPU.ActiveCfg = Release|Any CPU
		{F98074D1-2ED5-465D-AE27-D358DBEAC3DC}.Release|Any CPU.Build.0 = Release|Any CPU
		{0954B784-5CA4-4011-B324-EFB48312C365}.Debug|Any CPU.ActiveCfg = Debug|Any CPU
		{0954B784-5CA4-4011-B324-EFB48312C365}.Debug|Any CPU.Build.0 = Debug|Any CPU
		{0954B784-5CA4-4011-B324-EFB48312C365}.Release|Any CPU.ActiveCfg = Release|Any CPU
		{0954B784-5CA4-4011-B324-EFB48312C365}.Release|Any CPU.Build.0 = Release|Any CPU
	EndGlobalSection
	GlobalSection(SolutionProperties) = preSolution
		HideSolutionNode = FALSE
	EndGlobalSection
	GlobalSection(ExtensibilityGlobals) = postSolution
		SolutionGuid = {05B75C90-AF4C-4A32-80B2-BD837A32FB41}
	EndGlobalSection
EndGlobal
