
Microsoft Visual Studio Solution File, Format Version 12.00
# Visual Studio Version 17
VisualStudioVersion = 17.4.33110.190
MinimumVisualStudioVersion = 10.0.40219.1
Project("{9A19103F-16F7-4668-BE54-9A1E7A4F7556}") = "Task1_1", "Task1_1\Task1_1.csproj", "{F98074D1-2ED5-465D-AE27-D358DBEAC3DC}"
EndProject
Project("{9A19103F-16F7-4668-BE54-9A1E7A4F7556}") = "Task1_2", "Task1_2\Task1_2.csproj", "{1D70A4D7-6460-449A-9026-DAFF3302F66E}"
EndProject
Project("{9A19103F-16F7-4668-BE54-9A1E7A4F7556}") = "Task1_4", "Task1_4\Task1_4.csproj", "{68247B20-68E4-4D9D-91A1-F035E3931AC3}"
EndProject
Project("{9A19103F-16F7-4668-BE54-9A1E7A4F7556}") = "Task1_5", "Task1_5\Task1_5.csproj", "{686474D8-8764-42C9-8FA5-CB4418F4F0AB}"
EndProject
Project("{9A19103F-16F7-4668-BE54-9A1E7A4F7556}") = "Task1_6", "Task1_6\Task1_6.csproj", "{0D919641-E1DE-47B3-949A-D52D89B58F3C}"
EndProject
Project("{9A19103F-16F7-4668-BE54-9A1E7A4F7556}") = "Task1_7_1", "Task1_7_1\Task1_7_1.csproj", "{C079AB04-6DD3-4123-92C6-55F38D1D1B06}"
EndProject
Project("{9A19103F-16F7-4668-BE54-9A1E7A4F7556}") = "Task1_7_2", "Task1_7_2\Task1_7_2.csproj", "{865D354E-B484-48DD-B161-F6DAA81B0888}"
EndProject
Project("{2150E333-8FDC-42A3-9474-1A3956D46DE8}") = "Task1_7", "Task1_7", "{158F4C16-D6CE-4BD2-A06E-8524F2904225}"
EndProject
Project("{9A19103F-16F7-4668-BE54-9A1E7A4F7556}") = "Task1_7_3", "Task1_7_3\Task1_7_3.csproj", "{2FCC9D15-FBD1-412F-961A-7C500451CD9C}"
EndProject
Project("{9A19103F-16F7-4668-BE54-9A1E7A4F7556}") = "Task1_7_4", "Task1_7_4\Task1_7_4.csproj", "{E3CF9D7F-09B9-47CF-8834-AB2E5F36BA89}"
EndProject
Project("{9A19103F-16F7-4668-BE54-9A1E7A4F7556}") = "Task1_7_5", "Task1_7_5\Task1_7_5.csproj", "{E9EF5317-68C2-49A7-A8C5-D738F21DE941}"
EndProject
Project("{2150E333-8FDC-42A3-9474-1A3956D46DE8}") = "Task1_8", "Task1_8", "{3EA71EEA-B7DD-4E0B-BB13-1016D7E0C91A}"
EndProject
Project("{9A19103F-16F7-4668-BE54-9A1E7A4F7556}") = "Task1_8_1", "Task1_8_1\Task1_8_1.csproj", "{04A455B9-EF71-4721-B385-C2CF8C7953D6}"
EndProject
Project("{9A19103F-16F7-4668-BE54-9A1E7A4F7556}") = "Task1_8_2", "Task1_8_2\Task1_8_2.csproj", "{6644E2FB-8C5C-4141-B8B2-31EBE306AD8B}"
EndProject
Project("{2150E333-8FDC-42A3-9474-1A3956D46DE8}") = "Task1_9", "Task1_9", "{5DACD79F-8105-4FA0-978E-E62E51574CA1}"
EndProject
Project("{9A19103F-16F7-4668-BE54-9A1E7A4F7556}") = "Task1_9_1", "Task1_9_1\Task1_9_1.csproj", "{5639FE8D-0155-4E39-B282-25A44D2A9E91}"
EndProject
Project("{9A19103F-16F7-4668-BE54-9A1E7A4F7556}") = "Task1_9_2", "Task1_9_2\Task1_9_2.csproj", "{4F78EBB1-D06F-422B-BE56-A0704D9DDAFD}"
EndProject
Project("{2150E333-8FDC-42A3-9474-1A3956D46DE8}") = "Task1_10", "Task1_10", "{FD2B0165-85F1-4A09-BE0B-F970285DA82C}"
EndProject
Project("{9A19103F-16F7-4668-BE54-9A1E7A4F7556}") = "Task1_10_1", "Task1_10_1\Task1_10_1.csproj", "{042A94FE-5AA9-4CD4-9C80-1DAE66242BD5}"
EndProject
Project("{2150E333-8FDC-42A3-9474-1A3956D46DE8}") = "Task1_11", "Task1_11", "{4F643804-ED4D-4759-AD5D-B6A41F50AD54}"
EndProject
Project("{9A19103F-16F7-4668-BE54-9A1E7A4F7556}") = "Task1_11_1", "Task1_11_1\Task1_11_1.csproj", "{6B9D17D1-EC2B-4065-B5D5-E70AD44368A0}"
EndProject
Project("{9A19103F-16F7-4668-BE54-9A1E7A4F7556}") = "Task_1_11_2", "Task_1_11_2\Task_1_11_2.csproj", "{17B3C7FB-25FB-46DE-AF40-381651B1D5DC}"
EndProject
Project("{2150E333-8FDC-42A3-9474-1A3956D46DE8}") = "Task1_12", "Task1_12", "{B32B3435-5910-4713-8206-3FAF694534FE}"
EndProject
Project("{9A19103F-16F7-4668-BE54-9A1E7A4F7556}") = "Task1_12_1", "Task1_12_1\Task1_12_1.csproj", "{0B8587E4-52DB-4180-BE99-70BAC4EB4D0B}"
EndProject
Project("{2150E333-8FDC-42A3-9474-1A3956D46DE8}") = "Task1_13", "Task1_13", "{A95D7573-2DC3-4AEE-A98D-398DC2FB4B1B}"
EndProject
Project("{9A19103F-16F7-4668-BE54-9A1E7A4F7556}") = "Task1_13_1", "Task1_13_1\Task1_13_1.csproj", "{5B9E9B27-511E-4619-8254-409E22DA947D}"
EndProject
Project("{9A19103F-16F7-4668-BE54-9A1E7A4F7556}") = "Task1_13_2", "Task1_13_2\Task1_13_2.csproj", "{7D4773A8-BFFF-4A52-87FE-AEBDFDF86775}"
EndProject
Project("{9A19103F-16F7-4668-BE54-9A1E7A4F7556}") = "1_13_3", "1_13_3\1_13_3.csproj", "{4B25AA22-9578-4CF7-9637-A6F533262EC2}"
EndProject
Project("{2150E333-8FDC-42A3-9474-1A3956D46DE8}") = "Task1_14", "Task1_14", "{9F2618B9-10C9-4B1C-B7EB-8B68CE57B97B}"
EndProject
Project("{FAE04EC0-301F-11D3-BF4B-00C04F79EFBC}") = "1_14_1", "1_14_1\1_14_1.csproj", "{4613731A-99B2-410D-815D-0A469EA43379}"
EndProject
Project("{FAE04EC0-301F-11D3-BF4B-00C04F79EFBC}") = "Task1_14_2", "Task1_14_2\Task1_14_2.csproj", "{273F80DF-10D6-4B07-A084-7AA40468E62B}"
EndProject
Global
	GlobalSection(SolutionConfigurationPlatforms) = preSolution
		Debug|Any CPU = Debug|Any CPU
		Release|Any CPU = Release|Any CPU
	EndGlobalSection
	GlobalSection(ProjectConfigurationPlatforms) = postSolution
		{F98074D1-2ED5-465D-AE27-D358DBEAC3DC}.Debug|Any CPU.ActiveCfg = Debug|Any CPU
		{F98074D1-2ED5-465D-AE27-D358DBEAC3DC}.Debug|Any CPU.Build.0 = Debug|Any CPU
		{F98074D1-2ED5-465D-AE27-D358DBEAC3DC}.Release|Any CPU.ActiveCfg = Release|Any CPU
		{F98074D1-2ED5-465D-AE27-D358DBEAC3DC}.Release|Any CPU.Build.0 = Release|Any CPU
		{1D70A4D7-6460-449A-9026-DAFF3302F66E}.Debug|Any CPU.ActiveCfg = Debug|Any CPU
		{1D70A4D7-6460-449A-9026-DAFF3302F66E}.Debug|Any CPU.Build.0 = Debug|Any CPU
		{1D70A4D7-6460-449A-9026-DAFF3302F66E}.Release|Any CPU.ActiveCfg = Release|Any CPU
		{1D70A4D7-6460-449A-9026-DAFF3302F66E}.Release|Any CPU.Build.0 = Release|Any CPU
		{68247B20-68E4-4D9D-91A1-F035E3931AC3}.Debug|Any CPU.ActiveCfg = Debug|Any CPU
		{68247B20-68E4-4D9D-91A1-F035E3931AC3}.Debug|Any CPU.Build.0 = Debug|Any CPU
		{68247B20-68E4-4D9D-91A1-F035E3931AC3}.Release|Any CPU.ActiveCfg = Release|Any CPU
		{68247B20-68E4-4D9D-91A1-F035E3931AC3}.Release|Any CPU.Build.0 = Release|Any CPU
		{686474D8-8764-42C9-8FA5-CB4418F4F0AB}.Debug|Any CPU.ActiveCfg = Debug|Any CPU
		{686474D8-8764-42C9-8FA5-CB4418F4F0AB}.Debug|Any CPU.Build.0 = Debug|Any CPU
		{686474D8-8764-42C9-8FA5-CB4418F4F0AB}.Release|Any CPU.ActiveCfg = Release|Any CPU
		{686474D8-8764-42C9-8FA5-CB4418F4F0AB}.Release|Any CPU.Build.0 = Release|Any CPU
		{0D919641-E1DE-47B3-949A-D52D89B58F3C}.Debug|Any CPU.ActiveCfg = Debug|Any CPU
		{0D919641-E1DE-47B3-949A-D52D89B58F3C}.Debug|Any CPU.Build.0 = Debug|Any CPU
		{0D919641-E1DE-47B3-949A-D52D89B58F3C}.Release|Any CPU.ActiveCfg = Release|Any CPU
		{0D919641-E1DE-47B3-949A-D52D89B58F3C}.Release|Any CPU.Build.0 = Release|Any CPU
		{C079AB04-6DD3-4123-92C6-55F38D1D1B06}.Debug|Any CPU.ActiveCfg = Debug|Any CPU
		{C079AB04-6DD3-4123-92C6-55F38D1D1B06}.Debug|Any CPU.Build.0 = Debug|Any CPU
		{C079AB04-6DD3-4123-92C6-55F38D1D1B06}.Release|Any CPU.ActiveCfg = Release|Any CPU
		{C079AB04-6DD3-4123-92C6-55F38D1D1B06}.Release|Any CPU.Build.0 = Release|Any CPU
		{865D354E-B484-48DD-B161-F6DAA81B0888}.Debug|Any CPU.ActiveCfg = Debug|Any CPU
		{865D354E-B484-48DD-B161-F6DAA81B0888}.Debug|Any CPU.Build.0 = Debug|Any CPU
		{865D354E-B484-48DD-B161-F6DAA81B0888}.Release|Any CPU.ActiveCfg = Release|Any CPU
		{865D354E-B484-48DD-B161-F6DAA81B0888}.Release|Any CPU.Build.0 = Release|Any CPU
		{2FCC9D15-FBD1-412F-961A-7C500451CD9C}.Debug|Any CPU.ActiveCfg = Debug|Any CPU
		{2FCC9D15-FBD1-412F-961A-7C500451CD9C}.Debug|Any CPU.Build.0 = Debug|Any CPU
		{2FCC9D15-FBD1-412F-961A-7C500451CD9C}.Release|Any CPU.ActiveCfg = Release|Any CPU
		{2FCC9D15-FBD1-412F-961A-7C500451CD9C}.Release|Any CPU.Build.0 = Release|Any CPU
		{E3CF9D7F-09B9-47CF-8834-AB2E5F36BA89}.Debug|Any CPU.ActiveCfg = Debug|Any CPU
		{E3CF9D7F-09B9-47CF-8834-AB2E5F36BA89}.Debug|Any CPU.Build.0 = Debug|Any CPU
		{E3CF9D7F-09B9-47CF-8834-AB2E5F36BA89}.Release|Any CPU.ActiveCfg = Release|Any CPU
		{E3CF9D7F-09B9-47CF-8834-AB2E5F36BA89}.Release|Any CPU.Build.0 = Release|Any CPU
		{E9EF5317-68C2-49A7-A8C5-D738F21DE941}.Debug|Any CPU.ActiveCfg = Debug|Any CPU
		{E9EF5317-68C2-49A7-A8C5-D738F21DE941}.Debug|Any CPU.Build.0 = Debug|Any CPU
		{E9EF5317-68C2-49A7-A8C5-D738F21DE941}.Release|Any CPU.ActiveCfg = Release|Any CPU
		{E9EF5317-68C2-49A7-A8C5-D738F21DE941}.Release|Any CPU.Build.0 = Release|Any CPU
		{04A455B9-EF71-4721-B385-C2CF8C7953D6}.Debug|Any CPU.ActiveCfg = Debug|Any CPU
		{04A455B9-EF71-4721-B385-C2CF8C7953D6}.Debug|Any CPU.Build.0 = Debug|Any CPU
		{04A455B9-EF71-4721-B385-C2CF8C7953D6}.Release|Any CPU.ActiveCfg = Release|Any CPU
		{04A455B9-EF71-4721-B385-C2CF8C7953D6}.Release|Any CPU.Build.0 = Release|Any CPU
		{6644E2FB-8C5C-4141-B8B2-31EBE306AD8B}.Debug|Any CPU.ActiveCfg = Debug|Any CPU
		{6644E2FB-8C5C-4141-B8B2-31EBE306AD8B}.Debug|Any CPU.Build.0 = Debug|Any CPU
		{6644E2FB-8C5C-4141-B8B2-31EBE306AD8B}.Release|Any CPU.ActiveCfg = Release|Any CPU
		{6644E2FB-8C5C-4141-B8B2-31EBE306AD8B}.Release|Any CPU.Build.0 = Release|Any CPU
		{5639FE8D-0155-4E39-B282-25A44D2A9E91}.Debug|Any CPU.ActiveCfg = Debug|Any CPU
		{5639FE8D-0155-4E39-B282-25A44D2A9E91}.Debug|Any CPU.Build.0 = Debug|Any CPU
		{5639FE8D-0155-4E39-B282-25A44D2A9E91}.Release|Any CPU.ActiveCfg = Release|Any CPU
		{5639FE8D-0155-4E39-B282-25A44D2A9E91}.Release|Any CPU.Build.0 = Release|Any CPU
		{4F78EBB1-D06F-422B-BE56-A0704D9DDAFD}.Debug|Any CPU.ActiveCfg = Debug|Any CPU
		{4F78EBB1-D06F-422B-BE56-A0704D9DDAFD}.Debug|Any CPU.Build.0 = Debug|Any CPU
		{4F78EBB1-D06F-422B-BE56-A0704D9DDAFD}.Release|Any CPU.ActiveCfg = Release|Any CPU
		{4F78EBB1-D06F-422B-BE56-A0704D9DDAFD}.Release|Any CPU.Build.0 = Release|Any CPU
		{042A94FE-5AA9-4CD4-9C80-1DAE66242BD5}.Debug|Any CPU.ActiveCfg = Debug|Any CPU
		{042A94FE-5AA9-4CD4-9C80-1DAE66242BD5}.Debug|Any CPU.Build.0 = Debug|Any CPU
		{042A94FE-5AA9-4CD4-9C80-1DAE66242BD5}.Release|Any CPU.ActiveCfg = Release|Any CPU
		{042A94FE-5AA9-4CD4-9C80-1DAE66242BD5}.Release|Any CPU.Build.0 = Release|Any CPU
		{6B9D17D1-EC2B-4065-B5D5-E70AD44368A0}.Debug|Any CPU.ActiveCfg = Debug|Any CPU
		{6B9D17D1-EC2B-4065-B5D5-E70AD44368A0}.Debug|Any CPU.Build.0 = Debug|Any CPU
		{6B9D17D1-EC2B-4065-B5D5-E70AD44368A0}.Release|Any CPU.ActiveCfg = Release|Any CPU
		{6B9D17D1-EC2B-4065-B5D5-E70AD44368A0}.Release|Any CPU.Build.0 = Release|Any CPU
		{17B3C7FB-25FB-46DE-AF40-381651B1D5DC}.Debug|Any CPU.ActiveCfg = Debug|Any CPU
		{17B3C7FB-25FB-46DE-AF40-381651B1D5DC}.Debug|Any CPU.Build.0 = Debug|Any CPU
		{17B3C7FB-25FB-46DE-AF40-381651B1D5DC}.Release|Any CPU.ActiveCfg = Release|Any CPU
		{17B3C7FB-25FB-46DE-AF40-381651B1D5DC}.Release|Any CPU.Build.0 = Release|Any CPU
		{0B8587E4-52DB-4180-BE99-70BAC4EB4D0B}.Debug|Any CPU.ActiveCfg = Debug|Any CPU
		{0B8587E4-52DB-4180-BE99-70BAC4EB4D0B}.Debug|Any CPU.Build.0 = Debug|Any CPU
		{0B8587E4-52DB-4180-BE99-70BAC4EB4D0B}.Release|Any CPU.ActiveCfg = Release|Any CPU
		{0B8587E4-52DB-4180-BE99-70BAC4EB4D0B}.Release|Any CPU.Build.0 = Release|Any CPU
		{5B9E9B27-511E-4619-8254-409E22DA947D}.Debug|Any CPU.ActiveCfg = Debug|Any CPU
		{5B9E9B27-511E-4619-8254-409E22DA947D}.Debug|Any CPU.Build.0 = Debug|Any CPU
		{5B9E9B27-511E-4619-8254-409E22DA947D}.Release|Any CPU.ActiveCfg = Release|Any CPU
		{5B9E9B27-511E-4619-8254-409E22DA947D}.Release|Any CPU.Build.0 = Release|Any CPU
		{7D4773A8-BFFF-4A52-87FE-AEBDFDF86775}.Debug|Any CPU.ActiveCfg = Debug|Any CPU
		{7D4773A8-BFFF-4A52-87FE-AEBDFDF86775}.Debug|Any CPU.Build.0 = Debug|Any CPU
		{7D4773A8-BFFF-4A52-87FE-AEBDFDF86775}.Release|Any CPU.ActiveCfg = Release|Any CPU
		{7D4773A8-BFFF-4A52-87FE-AEBDFDF86775}.Release|Any CPU.Build.0 = Release|Any CPU
		{4B25AA22-9578-4CF7-9637-A6F533262EC2}.Debug|Any CPU.ActiveCfg = Debug|Any CPU
		{4B25AA22-9578-4CF7-9637-A6F533262EC2}.Debug|Any CPU.Build.0 = Debug|Any CPU
		{4B25AA22-9578-4CF7-9637-A6F533262EC2}.Release|Any CPU.ActiveCfg = Release|Any CPU
		{4B25AA22-9578-4CF7-9637-A6F533262EC2}.Release|Any CPU.Build.0 = Release|Any CPU
		{4613731A-99B2-410D-815D-0A469EA43379}.Debug|Any CPU.ActiveCfg = Debug|Any CPU
		{4613731A-99B2-410D-815D-0A469EA43379}.Debug|Any CPU.Build.0 = Debug|Any CPU
		{4613731A-99B2-410D-815D-0A469EA43379}.Release|Any CPU.ActiveCfg = Release|Any CPU
		{4613731A-99B2-410D-815D-0A469EA43379}.Release|Any CPU.Build.0 = Release|Any CPU
		{273F80DF-10D6-4B07-A084-7AA40468E62B}.Debug|Any CPU.ActiveCfg = Debug|Any CPU
		{273F80DF-10D6-4B07-A084-7AA40468E62B}.Debug|Any CPU.Build.0 = Debug|Any CPU
		{273F80DF-10D6-4B07-A084-7AA40468E62B}.Release|Any CPU.ActiveCfg = Release|Any CPU
		{273F80DF-10D6-4B07-A084-7AA40468E62B}.Release|Any CPU.Build.0 = Release|Any CPU
	EndGlobalSection
	GlobalSection(SolutionProperties) = preSolution
		HideSolutionNode = FALSE
	EndGlobalSection
	GlobalSection(NestedProjects) = preSolution
		{C079AB04-6DD3-4123-92C6-55F38D1D1B06} = {158F4C16-D6CE-4BD2-A06E-8524F2904225}
		{865D354E-B484-48DD-B161-F6DAA81B0888} = {158F4C16-D6CE-4BD2-A06E-8524F2904225}
		{2FCC9D15-FBD1-412F-961A-7C500451CD9C} = {158F4C16-D6CE-4BD2-A06E-8524F2904225}
		{E3CF9D7F-09B9-47CF-8834-AB2E5F36BA89} = {158F4C16-D6CE-4BD2-A06E-8524F2904225}
		{E9EF5317-68C2-49A7-A8C5-D738F21DE941} = {158F4C16-D6CE-4BD2-A06E-8524F2904225}
		{04A455B9-EF71-4721-B385-C2CF8C7953D6} = {3EA71EEA-B7DD-4E0B-BB13-1016D7E0C91A}
		{6644E2FB-8C5C-4141-B8B2-31EBE306AD8B} = {3EA71EEA-B7DD-4E0B-BB13-1016D7E0C91A}
		{5639FE8D-0155-4E39-B282-25A44D2A9E91} = {5DACD79F-8105-4FA0-978E-E62E51574CA1}
		{4F78EBB1-D06F-422B-BE56-A0704D9DDAFD} = {5DACD79F-8105-4FA0-978E-E62E51574CA1}
		{042A94FE-5AA9-4CD4-9C80-1DAE66242BD5} = {FD2B0165-85F1-4A09-BE0B-F970285DA82C}
		{6B9D17D1-EC2B-4065-B5D5-E70AD44368A0} = {4F643804-ED4D-4759-AD5D-B6A41F50AD54}
		{17B3C7FB-25FB-46DE-AF40-381651B1D5DC} = {4F643804-ED4D-4759-AD5D-B6A41F50AD54}
		{0B8587E4-52DB-4180-BE99-70BAC4EB4D0B} = {B32B3435-5910-4713-8206-3FAF694534FE}
		{5B9E9B27-511E-4619-8254-409E22DA947D} = {A95D7573-2DC3-4AEE-A98D-398DC2FB4B1B}
		{7D4773A8-BFFF-4A52-87FE-AEBDFDF86775} = {A95D7573-2DC3-4AEE-A98D-398DC2FB4B1B}
		{4B25AA22-9578-4CF7-9637-A6F533262EC2} = {A95D7573-2DC3-4AEE-A98D-398DC2FB4B1B}
		{4613731A-99B2-410D-815D-0A469EA43379} = {9F2618B9-10C9-4B1C-B7EB-8B68CE57B97B}
		{273F80DF-10D6-4B07-A084-7AA40468E62B} = {9F2618B9-10C9-4B1C-B7EB-8B68CE57B97B}
	EndGlobalSection
	GlobalSection(ExtensibilityGlobals) = postSolution
		SolutionGuid = {05B75C90-AF4C-4A32-80B2-BD837A32FB41}
	EndGlobalSection
EndGlobal
